// !$*UTF8*$!
{
	archiveVersion = 1;
	classes = {
	};
	objectVersion = 50;
	objects = {

/* Begin PBXBuildFile section */
		6C35DCFD246945980098DAE3 /* AppDelegate.swift in Sources */ = {isa = PBXBuildFile; fileRef = 6C35DCFC246945980098DAE3 /* AppDelegate.swift */; };
		6C35DCFF246945980098DAE3 /* SceneDelegate.swift in Sources */ = {isa = PBXBuildFile; fileRef = 6C35DCFE246945980098DAE3 /* SceneDelegate.swift */; };
		6C35DD01246945980098DAE3 /* PokemonListTableViewController.swift in Sources */ = {isa = PBXBuildFile; fileRef = 6C35DD00246945980098DAE3 /* PokemonListTableViewController.swift */; };
		6C35DD04246945980098DAE3 /* Main.storyboard in Resources */ = {isa = PBXBuildFile; fileRef = 6C35DD02246945980098DAE3 /* Main.storyboard */; };
		6C35DD062469459C0098DAE3 /* Assets.xcassets in Resources */ = {isa = PBXBuildFile; fileRef = 6C35DD052469459C0098DAE3 /* Assets.xcassets */; };
		6C35DD092469459C0098DAE3 /* LaunchScreen.storyboard in Resources */ = {isa = PBXBuildFile; fileRef = 6C35DD072469459C0098DAE3 /* LaunchScreen.storyboard */; };
		6C35DD11246947400098DAE3 /* PokeDownloader.swift in Sources */ = {isa = PBXBuildFile; fileRef = 6C35DD10246947400098DAE3 /* PokeDownloader.swift */; };
		6C35DD1324694D150098DAE3 /* PokemonType.swift in Sources */ = {isa = PBXBuildFile; fileRef = 6C35DD1224694D150098DAE3 /* PokemonType.swift */; };
		6CB24EBC24697CF300AE2529 /* PokemonAbility.swift in Sources */ = {isa = PBXBuildFile; fileRef = 6CB24EBB24697CF300AE2529 /* PokemonAbility.swift */; };
		6CB24EBE24697D0600AE2529 /* PokeProtocols.swift in Sources */ = {isa = PBXBuildFile; fileRef = 6CB24EBD24697D0600AE2529 /* PokeProtocols.swift */; };
		6CB24EC02469835000AE2529 /* PokemonSpecies.swift in Sources */ = {isa = PBXBuildFile; fileRef = 6CB24EBF2469835000AE2529 /* PokemonSpecies.swift */; };
		6CB24EC3246992B200AE2529 /* PokemonTableViewController.swift in Sources */ = {isa = PBXBuildFile; fileRef = 6CB24EC2246992B200AE2529 /* PokemonTableViewController.swift */; };
		6CB24EC5246993EB00AE2529 /* HeaderPokemonCell.swift in Sources */ = {isa = PBXBuildFile; fileRef = 6CB24EC4246993EB00AE2529 /* HeaderPokemonCell.swift */; };
		6CB24EC824699E9400AE2529 /* DescriptionCell.swift in Sources */ = {isa = PBXBuildFile; fileRef = 6CB24EC724699E9400AE2529 /* DescriptionCell.swift */; };
		6CB24ECA24699FF900AE2529 /* AbilityCell.swift in Sources */ = {isa = PBXBuildFile; fileRef = 6CB24EC924699FF900AE2529 /* AbilityCell.swift */; };
		6CB24ECC2469A1D000AE2529 /* StatCell.swift in Sources */ = {isa = PBXBuildFile; fileRef = 6CB24ECB2469A1CF00AE2529 /* StatCell.swift */; };
		6CF238DC24695ACE00A9FD64 /* PokemonStat.swift in Sources */ = {isa = PBXBuildFile; fileRef = 6CF238DB24695ACE00A9FD64 /* PokemonStat.swift */; };
		6CF238DE24695AE900A9FD64 /* PokemonLanguage.swift in Sources */ = {isa = PBXBuildFile; fileRef = 6CF238DD24695AE900A9FD64 /* PokemonLanguage.swift */; };
		6CF238E024695AF500A9FD64 /* PKUrl.swift in Sources */ = {isa = PBXBuildFile; fileRef = 6CF238DF24695AF500A9FD64 /* PKUrl.swift */; };
		6CF238E224695BB100A9FD64 /* PKPokemon.swift in Sources */ = {isa = PBXBuildFile; fileRef = 6CF238E124695BB100A9FD64 /* PKPokemon.swift */; };
		6CF238E624695E9100A9FD64 /* Pokemon.swift in Sources */ = {isa = PBXBuildFile; fileRef = 6CF238E524695E9100A9FD64 /* Pokemon.swift */; };
/* End PBXBuildFile section */

/* Begin PBXFileReference section */
		6C35DCF9246945980098DAE3 /* PokemonList.app */ = {isa = PBXFileReference; explicitFileType = wrapper.application; includeInIndex = 0; path = PokemonList.app; sourceTree = BUILT_PRODUCTS_DIR; };
		6C35DCFC246945980098DAE3 /* AppDelegate.swift */ = {isa = PBXFileReference; lastKnownFileType = sourcecode.swift; path = AppDelegate.swift; sourceTree = "<group>"; };
		6C35DCFE246945980098DAE3 /* SceneDelegate.swift */ = {isa = PBXFileReference; lastKnownFileType = sourcecode.swift; path = SceneDelegate.swift; sourceTree = "<group>"; };
		6C35DD00246945980098DAE3 /* PokemonListTableViewController.swift */ = {isa = PBXFileReference; lastKnownFileType = sourcecode.swift; path = PokemonListTableViewController.swift; sourceTree = "<group>"; };
		6C35DD03246945980098DAE3 /* Base */ = {isa = PBXFileReference; lastKnownFileType = file.storyboard; name = Base; path = Base.lproj/Main.storyboard; sourceTree = "<group>"; };
		6C35DD052469459C0098DAE3 /* Assets.xcassets */ = {isa = PBXFileReference; lastKnownFileType = folder.assetcatalog; path = Assets.xcassets; sourceTree = "<group>"; };
		6C35DD082469459C0098DAE3 /* Base */ = {isa = PBXFileReference; lastKnownFileType = file.storyboard; name = Base; path = Base.lproj/LaunchScreen.storyboard; sourceTree = "<group>"; };
		6C35DD0A2469459C0098DAE3 /* Info.plist */ = {isa = PBXFileReference; lastKnownFileType = text.plist.xml; path = Info.plist; sourceTree = "<group>"; };
		6C35DD10246947400098DAE3 /* PokeDownloader.swift */ = {isa = PBXFileReference; lastKnownFileType = sourcecode.swift; path = PokeDownloader.swift; sourceTree = "<group>"; };
		6C35DD1224694D150098DAE3 /* PokemonType.swift */ = {isa = PBXFileReference; lastKnownFileType = sourcecode.swift; path = PokemonType.swift; sourceTree = "<group>"; };
		6CB24EBB24697CF300AE2529 /* PokemonAbility.swift */ = {isa = PBXFileReference; lastKnownFileType = sourcecode.swift; path = PokemonAbility.swift; sourceTree = "<group>"; };
		6CB24EBD24697D0600AE2529 /* PokeProtocols.swift */ = {isa = PBXFileReference; lastKnownFileType = sourcecode.swift; path = PokeProtocols.swift; sourceTree = "<group>"; };
		6CB24EBF2469835000AE2529 /* PokemonSpecies.swift */ = {isa = PBXFileReference; lastKnownFileType = sourcecode.swift; path = PokemonSpecies.swift; sourceTree = "<group>"; };
		6CB24EC2246992B200AE2529 /* PokemonTableViewController.swift */ = {isa = PBXFileReference; lastKnownFileType = sourcecode.swift; path = PokemonTableViewController.swift; sourceTree = "<group>"; };
		6CB24EC4246993EB00AE2529 /* HeaderPokemonCell.swift */ = {isa = PBXFileReference; lastKnownFileType = sourcecode.swift; path = HeaderPokemonCell.swift; sourceTree = "<group>"; };
		6CB24EC724699E9400AE2529 /* DescriptionCell.swift */ = {isa = PBXFileReference; lastKnownFileType = sourcecode.swift; path = DescriptionCell.swift; sourceTree = "<group>"; };
		6CB24EC924699FF900AE2529 /* AbilityCell.swift */ = {isa = PBXFileReference; lastKnownFileType = sourcecode.swift; path = AbilityCell.swift; sourceTree = "<group>"; };
		6CB24ECB2469A1CF00AE2529 /* StatCell.swift */ = {isa = PBXFileReference; lastKnownFileType = sourcecode.swift; path = StatCell.swift; sourceTree = "<group>"; };
		6CF238DB24695ACE00A9FD64 /* PokemonStat.swift */ = {isa = PBXFileReference; lastKnownFileType = sourcecode.swift; path = PokemonStat.swift; sourceTree = "<group>"; };
		6CF238DD24695AE900A9FD64 /* PokemonLanguage.swift */ = {isa = PBXFileReference; lastKnownFileType = sourcecode.swift; path = PokemonLanguage.swift; sourceTree = "<group>"; };
		6CF238DF24695AF500A9FD64 /* PKUrl.swift */ = {isa = PBXFileReference; lastKnownFileType = sourcecode.swift; path = PKUrl.swift; sourceTree = "<group>"; };
		6CF238E124695BB100A9FD64 /* PKPokemon.swift */ = {isa = PBXFileReference; lastKnownFileType = sourcecode.swift; path = PKPokemon.swift; sourceTree = "<group>"; };
		6CF238E524695E9100A9FD64 /* Pokemon.swift */ = {isa = PBXFileReference; lastKnownFileType = sourcecode.swift; path = Pokemon.swift; sourceTree = "<group>"; };
/* End PBXFileReference section */

/* Begin PBXFrameworksBuildPhase section */
		6C35DCF6246945980098DAE3 /* Frameworks */ = {
			isa = PBXFrameworksBuildPhase;
			buildActionMask = 2147483647;
			files = (
			);
			runOnlyForDeploymentPostprocessing = 0;
		};
/* End PBXFrameworksBuildPhase section */

/* Begin PBXGroup section */
		6C35DCF0246945980098DAE3 = {
			isa = PBXGroup;
			children = (
				6C35DCFB246945980098DAE3 /* PokemonList */,
				6C35DCFA246945980098DAE3 /* Products */,
			);
			sourceTree = "<group>";
		};
		6C35DCFA246945980098DAE3 /* Products */ = {
			isa = PBXGroup;
			children = (
				6C35DCF9246945980098DAE3 /* PokemonList.app */,
			);
			name = Products;
			sourceTree = "<group>";
		};
		6C35DCFB246945980098DAE3 /* PokemonList */ = {
			isa = PBXGroup;
			children = (
				6C35DCFC246945980098DAE3 /* AppDelegate.swift */,
				6C35DCFE246945980098DAE3 /* SceneDelegate.swift */,
				6CB24EC624699E7A00AE2529 /* Cells */,
				6CB24EC12469929900AE2529 /* Controllers */,
				6CF238E324695E6C00A9FD64 /* Pokemon */,
				6C35DD02246945980098DAE3 /* Main.storyboard */,
				6C35DD052469459C0098DAE3 /* Assets.xcassets */,
				6C35DD072469459C0098DAE3 /* LaunchScreen.storyboard */,
				6C35DD0A2469459C0098DAE3 /* Info.plist */,
			);
			path = PokemonList;
			sourceTree = "<group>";
		};
		6CB24EC12469929900AE2529 /* Controllers */ = {
			isa = PBXGroup;
			children = (
				6C35DD00246945980098DAE3 /* PokemonListTableViewController.swift */,
				6CB24EC2246992B200AE2529 /* PokemonTableViewController.swift */,
			);
			path = Controllers;
			sourceTree = "<group>";
		};
		6CB24EC624699E7A00AE2529 /* Cells */ = {
			isa = PBXGroup;
			children = (
				6CB24EC4246993EB00AE2529 /* HeaderPokemonCell.swift */,
				6CB24EC724699E9400AE2529 /* DescriptionCell.swift */,
				6CB24EC924699FF900AE2529 /* AbilityCell.swift */,
				6CB24ECB2469A1CF00AE2529 /* StatCell.swift */,
			);
			path = Cells;
			sourceTree = "<group>";
		};
		6CF238E324695E6C00A9FD64 /* Pokemon */ = {
			isa = PBXGroup;
			children = (
				6C35DD10246947400098DAE3 /* PokeDownloader.swift */,
				6CF238E524695E9100A9FD64 /* Pokemon.swift */,
				6C35DD1224694D150098DAE3 /* PokemonType.swift */,
				6CF238DD24695AE900A9FD64 /* PokemonLanguage.swift */,
				6CF238DB24695ACE00A9FD64 /* PokemonStat.swift */,
				6CB24EBB24697CF300AE2529 /* PokemonAbility.swift */,
				6CB24EBF2469835000AE2529 /* PokemonSpecies.swift */,
				6CB24EBD24697D0600AE2529 /* PokeProtocols.swift */,
				6CF238E424695E7A00A9FD64 /* Short JSON */,
			);
			path = Pokemon;
			sourceTree = "<group>";
		};
		6CF238E424695E7A00A9FD64 /* Short JSON */ = {
			isa = PBXGroup;
			children = (
				6CF238E124695BB100A9FD64 /* PKPokemon.swift */,
				6CF238DF24695AF500A9FD64 /* PKUrl.swift */,
			);
			path = "Short JSON";
			sourceTree = "<group>";
		};
/* End PBXGroup section */

/* Begin PBXNativeTarget section */
		6C35DCF8246945980098DAE3 /* PokemonList */ = {
			isa = PBXNativeTarget;
			buildConfigurationList = 6C35DD0D2469459C0098DAE3 /* Build configuration list for PBXNativeTarget "PokemonList" */;
			buildPhases = (
				6C35DCF5246945980098DAE3 /* Sources */,
				6C35DCF6246945980098DAE3 /* Frameworks */,
				6C35DCF7246945980098DAE3 /* Resources */,
			);
			buildRules = (
			);
			dependencies = (
			);
			name = PokemonList;
			productName = PokemonList;
			productReference = 6C35DCF9246945980098DAE3 /* PokemonList.app */;
			productType = "com.apple.product-type.application";
		};
/* End PBXNativeTarget section */

/* Begin PBXProject section */
		6C35DCF1246945980098DAE3 /* Project object */ = {
			isa = PBXProject;
			attributes = {
				LastSwiftUpdateCheck = 1140;
				LastUpgradeCheck = 1140;
				ORGANIZATIONNAME = "Giorgio Romano";
				TargetAttributes = {
					6C35DCF8246945980098DAE3 = {
						CreatedOnToolsVersion = 11.4;
					};
				};
			};
			buildConfigurationList = 6C35DCF4246945980098DAE3 /* Build configuration list for PBXProject "PokemonList" */;
			compatibilityVersion = "Xcode 9.3";
			developmentRegion = en;
			hasScannedForEncodings = 0;
			knownRegions = (
				en,
				Base,
			);
			mainGroup = 6C35DCF0246945980098DAE3;
			productRefGroup = 6C35DCFA246945980098DAE3 /* Products */;
			projectDirPath = "";
			projectRoot = "";
			targets = (
				6C35DCF8246945980098DAE3 /* PokemonList */,
			);
		};
/* End PBXProject section */

/* Begin PBXResourcesBuildPhase section */
		6C35DCF7246945980098DAE3 /* Resources */ = {
			isa = PBXResourcesBuildPhase;
			buildActionMask = 2147483647;
			files = (
				6C35DD092469459C0098DAE3 /* LaunchScreen.storyboard in Resources */,
				6C35DD062469459C0098DAE3 /* Assets.xcassets in Resources */,
				6C35DD04246945980098DAE3 /* Main.storyboard in Resources */,
			);
			runOnlyForDeploymentPostprocessing = 0;
		};
/* End PBXResourcesBuildPhase section */

/* Begin PBXSourcesBuildPhase section */
		6C35DCF5246945980098DAE3 /* Sources */ = {
			isa = PBXSourcesBuildPhase;
			buildActionMask = 2147483647;
			files = (
				6C35DD01246945980098DAE3 /* PokemonListTableViewController.swift in Sources */,
				6C35DD11246947400098DAE3 /* PokeDownloader.swift in Sources */,
				6CF238E024695AF500A9FD64 /* PKUrl.swift in Sources */,
				6CF238E224695BB100A9FD64 /* PKPokemon.swift in Sources */,
				6CB24EC824699E9400AE2529 /* DescriptionCell.swift in Sources */,
				6CF238DE24695AE900A9FD64 /* PokemonLanguage.swift in Sources */,
				6CB24ECC2469A1D000AE2529 /* StatCell.swift in Sources */,
				6CF238E624695E9100A9FD64 /* Pokemon.swift in Sources */,
				6CB24EBE24697D0600AE2529 /* PokeProtocols.swift in Sources */,
				6CF238DC24695ACE00A9FD64 /* PokemonStat.swift in Sources */,
				6CB24EC5246993EB00AE2529 /* HeaderPokemonCell.swift in Sources */,
				6CB24EC02469835000AE2529 /* PokemonSpecies.swift in Sources */,
				6C35DCFD246945980098DAE3 /* AppDelegate.swift in Sources */,
				6CB24EC3246992B200AE2529 /* PokemonTableViewController.swift in Sources */,
				6CB24ECA24699FF900AE2529 /* AbilityCell.swift in Sources */,
				6C35DD1324694D150098DAE3 /* PokemonType.swift in Sources */,
				6CB24EBC24697CF300AE2529 /* PokemonAbility.swift in Sources */,
				6C35DCFF246945980098DAE3 /* SceneDelegate.swift in Sources */,
			);
			runOnlyForDeploymentPostprocessing = 0;
		};
/* End PBXSourcesBuildPhase section */

/* Begin PBXVariantGroup section */
		6C35DD02246945980098DAE3 /* Main.storyboard */ = {
			isa = PBXVariantGroup;
			children = (
				6C35DD03246945980098DAE3 /* Base */,
			);
			name = Main.storyboard;
			sourceTree = "<group>";
		};
		6C35DD072469459C0098DAE3 /* LaunchScreen.storyboard */ = {
			isa = PBXVariantGroup;
			children = (
				6C35DD082469459C0098DAE3 /* Base */,
			);
			name = LaunchScreen.storyboard;
			sourceTree = "<group>";
		};
/* End PBXVariantGroup section */

/* Begin XCBuildConfiguration section */
		6C35DD0B2469459C0098DAE3 /* Debug */ = {
			isa = XCBuildConfiguration;
			buildSettings = {
				ALWAYS_SEARCH_USER_PATHS = NO;
				CLANG_ANALYZER_NONNULL = YES;
				CLANG_ANALYZER_NUMBER_OBJECT_CONVERSION = YES_AGGRESSIVE;
				CLANG_CXX_LANGUAGE_STANDARD = "gnu++14";
				CLANG_CXX_LIBRARY = "libc++";
				CLANG_ENABLE_MODULES = YES;
				CLANG_ENABLE_OBJC_ARC = YES;
				CLANG_ENABLE_OBJC_WEAK = YES;
				CLANG_WARN_BLOCK_CAPTURE_AUTORELEASING = YES;
				CLANG_WARN_BOOL_CONVERSION = YES;
				CLANG_WARN_COMMA = YES;
				CLANG_WARN_CONSTANT_CONVERSION = YES;
				CLANG_WARN_DEPRECATED_OBJC_IMPLEMENTATIONS = YES;
				CLANG_WARN_DIRECT_OBJC_ISA_USAGE = YES_ERROR;
				CLANG_WARN_DOCUMENTATION_COMMENTS = YES;
				CLANG_WARN_EMPTY_BODY = YES;
				CLANG_WARN_ENUM_CONVERSION = YES;
				CLANG_WARN_INFINITE_RECURSION = YES;
				CLANG_WARN_INT_CONVERSION = YES;
				CLANG_WARN_NON_LITERAL_NULL_CONVERSION = YES;
				CLANG_WARN_OBJC_IMPLICIT_RETAIN_SELF = YES;
				CLANG_WARN_OBJC_LITERAL_CONVERSION = YES;
				CLANG_WARN_OBJC_ROOT_CLASS = YES_ERROR;
				CLANG_WARN_RANGE_LOOP_ANALYSIS = YES;
				CLANG_WARN_STRICT_PROTOTYPES = YES;
				CLANG_WARN_SUSPICIOUS_MOVE = YES;
				CLANG_WARN_UNGUARDED_AVAILABILITY = YES_AGGRESSIVE;
				CLANG_WARN_UNREACHABLE_CODE = YES;
				CLANG_WARN__DUPLICATE_METHOD_MATCH = YES;
				COPY_PHASE_STRIP = NO;
				DEBUG_INFORMATION_FORMAT = dwarf;
				ENABLE_STRICT_OBJC_MSGSEND = YES;
				ENABLE_TESTABILITY = YES;
				GCC_C_LANGUAGE_STANDARD = gnu11;
				GCC_DYNAMIC_NO_PIC = NO;
				GCC_NO_COMMON_BLOCKS = YES;
				GCC_OPTIMIZATION_LEVEL = 0;
				GCC_PREPROCESSOR_DEFINITIONS = (
					"DEBUG=1",
					"$(inherited)",
				);
				GCC_WARN_64_TO_32_BIT_CONVERSION = YES;
				GCC_WARN_ABOUT_RETURN_TYPE = YES_ERROR;
				GCC_WARN_UNDECLARED_SELECTOR = YES;
				GCC_WARN_UNINITIALIZED_AUTOS = YES_AGGRESSIVE;
				GCC_WARN_UNUSED_FUNCTION = YES;
				GCC_WARN_UNUSED_VARIABLE = YES;
				IPHONEOS_DEPLOYMENT_TARGET = 13.4;
				MTL_ENABLE_DEBUG_INFO = INCLUDE_SOURCE;
				MTL_FAST_MATH = YES;
				ONLY_ACTIVE_ARCH = YES;
				SDKROOT = iphoneos;
				SWIFT_ACTIVE_COMPILATION_CONDITIONS = DEBUG;
				SWIFT_OPTIMIZATION_LEVEL = "-Onone";
			};
			name = Debug;
		};
		6C35DD0C2469459C0098DAE3 /* Release */ = {
			isa = XCBuildConfiguration;
			buildSettings = {
				ALWAYS_SEARCH_USER_PATHS = NO;
				CLANG_ANALYZER_NONNULL = YES;
				CLANG_ANALYZER_NUMBER_OBJECT_CONVERSION = YES_AGGRESSIVE;
				CLANG_CXX_LANGUAGE_STANDARD = "gnu++14";
				CLANG_CXX_LIBRARY = "libc++";
				CLANG_ENABLE_MODULES = YES;
				CLANG_ENABLE_OBJC_ARC = YES;
				CLANG_ENABLE_OBJC_WEAK = YES;
				CLANG_WARN_BLOCK_CAPTURE_AUTORELEASING = YES;
				CLANG_WARN_BOOL_CONVERSION = YES;
				CLANG_WARN_COMMA = YES;
				CLANG_WARN_CONSTANT_CONVERSION = YES;
				CLANG_WARN_DEPRECATED_OBJC_IMPLEMENTATIONS = YES;
				CLANG_WARN_DIRECT_OBJC_ISA_USAGE = YES_ERROR;
				CLANG_WARN_DOCUMENTATION_COMMENTS = YES;
				CLANG_WARN_EMPTY_BODY = YES;
				CLANG_WARN_ENUM_CONVERSION = YES;
				CLANG_WARN_INFINITE_RECURSION = YES;
				CLANG_WARN_INT_CONVERSION = YES;
				CLANG_WARN_NON_LITERAL_NULL_CONVERSION = YES;
				CLANG_WARN_OBJC_IMPLICIT_RETAIN_SELF = YES;
				CLANG_WARN_OBJC_LITERAL_CONVERSION = YES;
				CLANG_WARN_OBJC_ROOT_CLASS = YES_ERROR;
				CLANG_WARN_RANGE_LOOP_ANALYSIS = YES;
				CLANG_WARN_STRICT_PROTOTYPES = YES;
				CLANG_WARN_SUSPICIOUS_MOVE = YES;
				CLANG_WARN_UNGUARDED_AVAILABILITY = YES_AGGRESSIVE;
				CLANG_WARN_UNREACHABLE_CODE = YES;
				CLANG_WARN__DUPLICATE_METHOD_MATCH = YES;
				COPY_PHASE_STRIP = NO;
				DEBUG_INFORMATION_FORMAT = "dwarf-with-dsym";
				ENABLE_NS_ASSERTIONS = NO;
				ENABLE_STRICT_OBJC_MSGSEND = YES;
				GCC_C_LANGUAGE_STANDARD = gnu11;
				GCC_NO_COMMON_BLOCKS = YES;
				GCC_WARN_64_TO_32_BIT_CONVERSION = YES;
				GCC_WARN_ABOUT_RETURN_TYPE = YES_ERROR;
				GCC_WARN_UNDECLARED_SELECTOR = YES;
				GCC_WARN_UNINITIALIZED_AUTOS = YES_AGGRESSIVE;
				GCC_WARN_UNUSED_FUNCTION = YES;
				GCC_WARN_UNUSED_VARIABLE = YES;
				IPHONEOS_DEPLOYMENT_TARGET = 13.4;
				MTL_ENABLE_DEBUG_INFO = NO;
				MTL_FAST_MATH = YES;
				SDKROOT = iphoneos;
				SWIFT_COMPILATION_MODE = wholemodule;
				SWIFT_OPTIMIZATION_LEVEL = "-O";
				VALIDATE_PRODUCT = YES;
			};
			name = Release;
		};
		6C35DD0E2469459C0098DAE3 /* Debug */ = {
			isa = XCBuildConfiguration;
			buildSettings = {
				ASSETCATALOG_COMPILER_APPICON_NAME = AppIcon;
				CODE_SIGN_STYLE = Automatic;
				DEVELOPMENT_TEAM = 33VGWYZGV4;
				INFOPLIST_FILE = PokemonList/Info.plist;
				LD_RUNPATH_SEARCH_PATHS = (
					"$(inherited)",
					"@executable_path/Frameworks",
				);
				PRODUCT_BUNDLE_IDENTIFIER = com.giorgioromano.PokemonList;
				PRODUCT_NAME = "$(TARGET_NAME)";
				SWIFT_VERSION = 5.0;
				TARGETED_DEVICE_FAMILY = "1,2";
			};
			name = Debug;
		};
		6C35DD0F2469459C0098DAE3 /* Release */ = {
			isa = XCBuildConfiguration;
			buildSettings = {
				ASSETCATALOG_COMPILER_APPICON_NAME = AppIcon;
				CODE_SIGN_STYLE = Automatic;
				DEVELOPMENT_TEAM = 33VGWYZGV4;
				INFOPLIST_FILE = PokemonList/Info.plist;
				LD_RUNPATH_SEARCH_PATHS = (
					"$(inherited)",
					"@executable_path/Frameworks",
				);
				PRODUCT_BUNDLE_IDENTIFIER = com.giorgioromano.PokemonList;
				PRODUCT_NAME = "$(TARGET_NAME)";
				SWIFT_VERSION = 5.0;
				TARGETED_DEVICE_FAMILY = "1,2";
			};
			name = Release;
		};
/* End XCBuildConfiguration section */

/* Begin XCConfigurationList section */
		6C35DCF4246945980098DAE3 /* Build configuration list for PBXProject "PokemonList" */ = {
			isa = XCConfigurationList;
			buildConfigurations = (
				6C35DD0B2469459C0098DAE3 /* Debug */,
				6C35DD0C2469459C0098DAE3 /* Release */,
			);
			defaultConfigurationIsVisible = 0;
			defaultConfigurationName = Release;
		};
		6C35DD0D2469459C0098DAE3 /* Build configuration list for PBXNativeTarget "PokemonList" */ = {
			isa = XCConfigurationList;
			buildConfigurations = (
				6C35DD0E2469459C0098DAE3 /* Debug */,
				6C35DD0F2469459C0098DAE3 /* Release */,
			);
			defaultConfigurationIsVisible = 0;
			defaultConfigurationName = Release;
		};
/* End XCConfigurationList section */
	};
	rootObject = 6C35DCF1246945980098DAE3 /* Project object */;
}
